
Microsoft Visual Studio Solution File, Format Version 12.00
# Visual Studio Version 17
VisualStudioVersion = 17.14.36429.23 d17.14
MinimumVisualStudioVersion = 10.0.40219.1
Project("{FAE04EC0-301F-11D3-BF4B-00C04F79EFBC}") = "AdapterPattern", "AdapterPattern\AdapterPattern.csproj", "{94A512E2-04C8-4D12-A22D-A33F2316855B}"
EndProject
Global
	GlobalSection(SolutionConfigurationPlatforms) = preSolution
		Debug|Any CPU = Debug|Any CPU
		Release|Any CPU = Release|Any CPU
	EndGlobalSection
	GlobalSection(ProjectConfigurationPlatforms) = postSolution
		{94A512E2-04C8-4D12-A22D-A33F2316855B}.Debug|Any CPU.ActiveCfg = Debug|Any CPU
		{94A512E2-04C8-4D12-A22D-A33F2316855B}.Debug|Any CPU.Build.0 = Debug|Any CPU
		{94A512E2-04C8-4D12-A22D-A33F2316855B}.Release|Any CPU.ActiveCfg = Release|Any CPU
		{94A512E2-04C8-4D12-A22D-A33F2316855B}.Release|Any CPU.Build.0 = Release|Any CPU
	EndGlobalSection
	GlobalSection(SolutionProperties) = preSolution
		HideSolutionNode = FALSE
	EndGlobalSection
	GlobalSection(ExtensibilityGlobals) = postSolution
		SolutionGuid = {287A898D-A11E-4E74-920D-58557C4C32E0}
	EndGlobalSection
EndGlobal
