
Microsoft Visual Studio Solution File, Format Version 12.00
# Visual Studio Version 17
VisualStudioVersion = 17.14.36429.23 d17.14
MinimumVisualStudioVersion = 10.0.40219.1
Project("{FAE04EC0-301F-11D3-BF4B-00C04F79EFBC}") = "CommandPattern", "CommandPattern\CommandPattern.csproj", "{DC24EB60-AEA3-4FB7-8F34-3CF44F2B0CF7}"
EndProject
Global
	GlobalSection(SolutionConfigurationPlatforms) = preSolution
		Debug|Any CPU = Debug|Any CPU
		Release|Any CPU = Release|Any CPU
	EndGlobalSection
	GlobalSection(ProjectConfigurationPlatforms) = postSolution
		{DC24EB60-AEA3-4FB7-8F34-3CF44F2B0CF7}.Debug|Any CPU.ActiveCfg = Debug|Any CPU
		{DC24EB60-AEA3-4FB7-8F34-3CF44F2B0CF7}.Debug|Any CPU.Build.0 = Debug|Any CPU
		{DC24EB60-AEA3-4FB7-8F34-3CF44F2B0CF7}.Release|Any CPU.ActiveCfg = Release|Any CPU
		{DC24EB60-AEA3-4FB7-8F34-3CF44F2B0CF7}.Release|Any CPU.Build.0 = Release|Any CPU
	EndGlobalSection
	GlobalSection(SolutionProperties) = preSolution
		HideSolutionNode = FALSE
	EndGlobalSection
	GlobalSection(ExtensibilityGlobals) = postSolution
		SolutionGuid = {93869023-F524-41EA-ACBD-013FF8D1C0D7}
	EndGlobalSection
EndGlobal
